
Microsoft Visual Studio Solution File, Format Version 12.00
# Visual Studio Version 16
VisualStudioVersion = 16.0.29230.47
MinimumVisualStudioVersion = 10.0.40219.1
Project("{8BC9CEB8-8B4A-11D0-8D11-00A0C91BC942}") = "NvidiaCuda", "NvidiaCuda\NvidiaCuda.vcxproj", "{49CE3A1A-957A-4DF3-BDF8-BF480315FC02}"
EndProject
Global
	GlobalSection(SolutionConfigurationPlatforms) = preSolution
		Debug|x64 = Debug|x64
		Release|x64 = Release|x64
	EndGlobalSection
	GlobalSection(ProjectConfigurationPlatforms) = postSolution
		{49CE3A1A-957A-4DF3-BDF8-BF480315FC02}.Debug|x64.ActiveCfg = Debug|x64
		{49CE3A1A-957A-4DF3-BDF8-BF480315FC02}.Debug|x64.Build.0 = Debug|x64
		{49CE3A1A-957A-4DF3-BDF8-BF480315FC02}.Release|x64.ActiveCfg = Release|x64
		{49CE3A1A-957A-4DF3-BDF8-BF480315FC02}.Release|x64.Build.0 = Release|x64
	EndGlobalSection
	GlobalSection(SolutionProperties) = preSolution
		HideSolutionNode = FALSE
	EndGlobalSection
	GlobalSection(ExtensibilityGlobals) = postSolution
		SolutionGuid = {3EB76ADA-9DEA-4FFE-8474-B4942C601622}
	EndGlobalSection
EndGlobal
