
Microsoft Visual Studio Solution File, Format Version 12.00
# Visual Studio 15
VisualStudioVersion = 15.0.26730.16
MinimumVisualStudioVersion = 10.0.40219.1
Project("{8BC9CEB8-8B4A-11D0-8D11-00A0C91BC942}") = "Hello_Triangle", "Hello_Triangle\Hello_Triangle.vcxproj", "{AC9D1718-6348-49B1-87A5-2AD581ADA50C}"
EndProject
Global
	GlobalSection(SolutionConfigurationPlatforms) = preSolution
		Debug|x64 = Debug|x64
		Debug|x86 = Debug|x86
		Release|x64 = Release|x64
		Release|x86 = Release|x86
	EndGlobalSection
	GlobalSection(ProjectConfigurationPlatforms) = postSolution
		{AC9D1718-6348-49B1-87A5-2AD581ADA50C}.Debug|x64.ActiveCfg = Debug|x64
		{AC9D1718-6348-49B1-87A5-2AD581ADA50C}.Debug|x64.Build.0 = Debug|x64
		{AC9D1718-6348-49B1-87A5-2AD581ADA50C}.Debug|x86.ActiveCfg = Debug|Win32
		{AC9D1718-6348-49B1-87A5-2AD581ADA50C}.Debug|x86.Build.0 = Debug|Win32
		{AC9D1718-6348-49B1-87A5-2AD581ADA50C}.Release|x64.ActiveCfg = Release|x64
		{AC9D1718-6348-49B1-87A5-2AD581ADA50C}.Release|x64.Build.0 = Release|x64
		{AC9D1718-6348-49B1-87A5-2AD581ADA50C}.Release|x86.ActiveCfg = Release|Win32
		{AC9D1718-6348-49B1-87A5-2AD581ADA50C}.Release|x86.Build.0 = Release|Win32
	EndGlobalSection
	GlobalSection(SolutionProperties) = preSolution
		HideSolutionNode = FALSE
	EndGlobalSection
	GlobalSection(ExtensibilityGlobals) = postSolution
		SolutionGuid = {3763C2B9-5892-43F2-AFC8-6553158D99FA}
	EndGlobalSection
EndGlobal
